// !$*UTF8*$!
{
	archiveVersion = 1;
	classes = {
	};
	objectVersion = 50;
	objects = {

/* Begin PBXBuildFile section */
		6A1A3888249EC2A000389BB0 /* AppDelegate.swift in Sources */ = {isa = PBXBuildFile; fileRef = 6A1A3887249EC2A000389BB0 /* AppDelegate.swift */; };
		6A1A388A249EC2A000389BB0 /* ContentView.swift in Sources */ = {isa = PBXBuildFile; fileRef = 6A1A3889249EC2A000389BB0 /* ContentView.swift */; };
		6A1A388C249EC2A200389BB0 /* Assets.xcassets in Resources */ = {isa = PBXBuildFile; fileRef = 6A1A388B249EC2A200389BB0 /* Assets.xcassets */; };
		6A1A388F249EC2A200389BB0 /* Preview Assets.xcassets in Resources */ = {isa = PBXBuildFile; fileRef = 6A1A388E249EC2A200389BB0 /* Preview Assets.xcassets */; };
		6A1A3892249EC2A200389BB0 /* Main.storyboard in Resources */ = {isa = PBXBuildFile; fileRef = 6A1A3890249EC2A200389BB0 /* Main.storyboard */; };
		6AED24C324B764110000595D /* Credits.rtf in Resources */ = {isa = PBXBuildFile; fileRef = 6AED24C224B764110000595D /* Credits.rtf */; };
/* End PBXBuildFile section */

/* Begin PBXFileReference section */
		6A1A3884249EC2A000389BB0 /* imageviewer5.app */ = {isa = PBXFileReference; explicitFileType = wrapper.application; includeInIndex = 0; path = imageviewer5.app; sourceTree = BUILT_PRODUCTS_DIR; };
		6A1A3887249EC2A000389BB0 /* AppDelegate.swift */ = {isa = PBXFileReference; lastKnownFileType = sourcecode.swift; path = AppDelegate.swift; sourceTree = "<group>"; };
		6A1A3889249EC2A000389BB0 /* ContentView.swift */ = {isa = PBXFileReference; lastKnownFileType = sourcecode.swift; path = ContentView.swift; sourceTree = "<group>"; };
		6A1A388B249EC2A200389BB0 /* Assets.xcassets */ = {isa = PBXFileReference; lastKnownFileType = folder.assetcatalog; path = Assets.xcassets; sourceTree = "<group>"; };
		6A1A388E249EC2A200389BB0 /* Preview Assets.xcassets */ = {isa = PBXFileReference; lastKnownFileType = folder.assetcatalog; path = "Preview Assets.xcassets"; sourceTree = "<group>"; };
		6A1A3891249EC2A200389BB0 /* Base */ = {isa = PBXFileReference; lastKnownFileType = file.storyboard; name = Base; path = Base.lproj/Main.storyboard; sourceTree = "<group>"; };
		6A1A3893249EC2A200389BB0 /* Info.plist */ = {isa = PBXFileReference; lastKnownFileType = text.plist.xml; path = Info.plist; sourceTree = "<group>"; };
		6A1A3894249EC2A200389BB0 /* imageviewer5.entitlements */ = {isa = PBXFileReference; lastKnownFileType = text.plist.entitlements; path = imageviewer5.entitlements; sourceTree = "<group>"; };
		6AED24C224B764110000595D /* Credits.rtf */ = {isa = PBXFileReference; fileEncoding = 4; lastKnownFileType = text.rtf; path = Credits.rtf; sourceTree = "<group>"; };
/* End PBXFileReference section */

/* Begin PBXFrameworksBuildPhase section */
		6A1A3881249EC2A000389BB0 /* Frameworks */ = {
			isa = PBXFrameworksBuildPhase;
			buildActionMask = 2147483647;
			files = (
			);
			runOnlyForDeploymentPostprocessing = 0;
		};
/* End PBXFrameworksBuildPhase section */

/* Begin PBXGroup section */
		6A1A387B249EC2A000389BB0 = {
			isa = PBXGroup;
			children = (
				6A1A3886249EC2A000389BB0 /* imageviewer5 */,
				6A1A3885249EC2A000389BB0 /* Products */,
			);
			sourceTree = "<group>";
		};
		6A1A3885249EC2A000389BB0 /* Products */ = {
			isa = PBXGroup;
			children = (
				6A1A3884249EC2A000389BB0 /* imageviewer5.app */,
			);
			name = Products;
			sourceTree = "<group>";
		};
		6A1A3886249EC2A000389BB0 /* imageviewer5 */ = {
			isa = PBXGroup;
			children = (
				6AED24C224B764110000595D /* Credits.rtf */,
				6A1A3887249EC2A000389BB0 /* AppDelegate.swift */,
				6A1A3889249EC2A000389BB0 /* ContentView.swift */,
				6A1A388B249EC2A200389BB0 /* Assets.xcassets */,
				6A1A3890249EC2A200389BB0 /* Main.storyboard */,
				6A1A3893249EC2A200389BB0 /* Info.plist */,
				6A1A3894249EC2A200389BB0 /* imageviewer5.entitlements */,
				6A1A388D249EC2A200389BB0 /* Preview Content */,
			);
			path = imageviewer5;
			sourceTree = "<group>";
		};
		6A1A388D249EC2A200389BB0 /* Preview Content */ = {
			isa = PBXGroup;
			children = (
				6A1A388E249EC2A200389BB0 /* Preview Assets.xcassets */,
			);
			path = "Preview Content";
			sourceTree = "<group>";
		};
/* End PBXGroup section */

/* Begin PBXNativeTarget section */
		6A1A3883249EC2A000389BB0 /* imageviewer5 */ = {
			isa = PBXNativeTarget;
			buildConfigurationList = 6A1A3897249EC2A200389BB0 /* Build configuration list for PBXNativeTarget "imageviewer5" */;
			buildPhases = (
				6A1A3880249EC2A000389BB0 /* Sources */,
				6A1A3881249EC2A000389BB0 /* Frameworks */,
				6A1A3882249EC2A000389BB0 /* Resources */,
				6AED24C424B764560000595D /* Auto-increment build number */,
			);
			buildRules = (
			);
			dependencies = (
			);
			name = imageviewer5;
			productName = imageviewer5;
			productReference = 6A1A3884249EC2A000389BB0 /* imageviewer5.app */;
			productType = "com.apple.product-type.application";
		};
/* End PBXNativeTarget section */

/* Begin PBXProject section */
		6A1A387C249EC2A000389BB0 /* Project object */ = {
			isa = PBXProject;
			attributes = {
				LastSwiftUpdateCheck = 1150;
				LastUpgradeCheck = 1150;
				ORGANIZATIONNAME = djs;
				TargetAttributes = {
					6A1A3883249EC2A000389BB0 = {
						CreatedOnToolsVersion = 11.5;
					};
				};
			};
			buildConfigurationList = 6A1A387F249EC2A000389BB0 /* Build configuration list for PBXProject "imageviewer5" */;
			compatibilityVersion = "Xcode 9.3";
			developmentRegion = en;
			hasScannedForEncodings = 0;
			knownRegions = (
				en,
				Base,
			);
			mainGroup = 6A1A387B249EC2A000389BB0;
			productRefGroup = 6A1A3885249EC2A000389BB0 /* Products */;
			projectDirPath = "";
			projectRoot = "";
			targets = (
				6A1A3883249EC2A000389BB0 /* imageviewer5 */,
			);
		};
/* End PBXProject section */

/* Begin PBXResourcesBuildPhase section */
		6A1A3882249EC2A000389BB0 /* Resources */ = {
			isa = PBXResourcesBuildPhase;
			buildActionMask = 2147483647;
			files = (
				6A1A3892249EC2A200389BB0 /* Main.storyboard in Resources */,
				6A1A388F249EC2A200389BB0 /* Preview Assets.xcassets in Resources */,
				6A1A388C249EC2A200389BB0 /* Assets.xcassets in Resources */,
				6AED24C324B764110000595D /* Credits.rtf in Resources */,
			);
			runOnlyForDeploymentPostprocessing = 0;
		};
/* End PBXResourcesBuildPhase section */

/* Begin PBXShellScriptBuildPhase section */
		6AED24C424B764560000595D /* Auto-increment build number */ = {
			isa = PBXShellScriptBuildPhase;
			buildActionMask = 2147483647;
			files = (
			);
			inputFileListPaths = (
			);
			inputPaths = (
			);
			name = "Auto-increment build number";
			outputFileListPaths = (
			);
			outputPaths = (
			);
			runOnlyForDeploymentPostprocessing = 0;
			shellPath = /bin/sh;
			shellScript = "buildNumber=$(/usr/libexec/PlistBuddy -c \"Print CFBundleVersion\" \"${PROJECT_DIR}/${INFOPLIST_FILE}\")\nbuildNumber=$(($buildNumber + 1))\n/usr/libexec/PlistBuddy -c \"Set :CFBundleVersion $buildNumber\" \"${PROJECT_DIR}/${INFOPLIST_FILE}\"\n";
		};
/* End PBXShellScriptBuildPhase section */

/* Begin PBXSourcesBuildPhase section */
		6A1A3880249EC2A000389BB0 /* Sources */ = {
			isa = PBXSourcesBuildPhase;
			buildActionMask = 2147483647;
			files = (
				6A1A388A249EC2A000389BB0 /* ContentView.swift in Sources */,
				6A1A3888249EC2A000389BB0 /* AppDelegate.swift in Sources */,
			);
			runOnlyForDeploymentPostprocessing = 0;
		};
/* End PBXSourcesBuildPhase section */

/* Begin PBXVariantGroup section */
		6A1A3890249EC2A200389BB0 /* Main.storyboard */ = {
			isa = PBXVariantGroup;
			children = (
				6A1A3891249EC2A200389BB0 /* Base */,
			);
			name = Main.storyboard;
			sourceTree = "<group>";
		};
/* End PBXVariantGroup section */

/* Begin XCBuildConfiguration section */
		6A1A3895249EC2A200389BB0 /* Debug */ = {
			isa = XCBuildConfiguration;
			buildSettings = {
				ALWAYS_SEARCH_USER_PATHS = NO;
				CLANG_ANALYZER_NONNULL = YES;
				CLANG_ANALYZER_NUMBER_OBJECT_CONVERSION = YES_AGGRESSIVE;
				CLANG_CXX_LANGUAGE_STANDARD = "gnu++14";
				CLANG_CXX_LIBRARY = "libc++";
				CLANG_ENABLE_MODULES = YES;
				CLANG_ENABLE_OBJC_ARC = YES;
				CLANG_ENABLE_OBJC_WEAK = YES;
				CLANG_WARN_BLOCK_CAPTURE_AUTORELEASING = YES;
				CLANG_WARN_BOOL_CONVERSION = YES;
				CLANG_WARN_COMMA = YES;
				CLANG_WARN_CONSTANT_CONVERSION = YES;
				CLANG_WARN_DEPRECATED_OBJC_IMPLEMENTATIONS = YES;
				CLANG_WARN_DIRECT_OBJC_ISA_USAGE = YES_ERROR;
				CLANG_WARN_DOCUMENTATION_COMMENTS = YES;
				CLANG_WARN_EMPTY_BODY = YES;
				CLANG_WARN_ENUM_CONVERSION = YES;
				CLANG_WARN_INFINITE_RECURSION = YES;
				CLANG_WARN_INT_CONVERSION = YES;
				CLANG_WARN_NON_LITERAL_NULL_CONVERSION = YES;
				CLANG_WARN_OBJC_IMPLICIT_RETAIN_SELF = YES;
				CLANG_WARN_OBJC_LITERAL_CONVERSION = YES;
				CLANG_WARN_OBJC_ROOT_CLASS = YES_ERROR;
				CLANG_WARN_RANGE_LOOP_ANALYSIS = YES;
				CLANG_WARN_STRICT_PROTOTYPES = YES;
				CLANG_WARN_SUSPICIOUS_MOVE = YES;
				CLANG_WARN_UNGUARDED_AVAILABILITY = YES_AGGRESSIVE;
				CLANG_WARN_UNREACHABLE_CODE = YES;
				CLANG_WARN__DUPLICATE_METHOD_MATCH = YES;
				COPY_PHASE_STRIP = NO;
				DEBUG_INFORMATION_FORMAT = dwarf;
				ENABLE_STRICT_OBJC_MSGSEND = YES;
				ENABLE_TESTABILITY = YES;
				GCC_C_LANGUAGE_STANDARD = gnu11;
				GCC_DYNAMIC_NO_PIC = NO;
				GCC_NO_COMMON_BLOCKS = YES;
				GCC_OPTIMIZATION_LEVEL = 0;
				GCC_PREPROCESSOR_DEFINITIONS = (
					"DEBUG=1",
					"$(inherited)",
				);
				GCC_WARN_64_TO_32_BIT_CONVERSION = YES;
				GCC_WARN_ABOUT_RETURN_TYPE = YES_ERROR;
				GCC_WARN_UNDECLARED_SELECTOR = YES;
				GCC_WARN_UNINITIALIZED_AUTOS = YES_AGGRESSIVE;
				GCC_WARN_UNUSED_FUNCTION = YES;
				GCC_WARN_UNUSED_VARIABLE = YES;
				MACOSX_DEPLOYMENT_TARGET = 10.15;
				MTL_ENABLE_DEBUG_INFO = INCLUDE_SOURCE;
				MTL_FAST_MATH = YES;
				ONLY_ACTIVE_ARCH = YES;
				SDKROOT = macosx;
				SWIFT_ACTIVE_COMPILATION_CONDITIONS = DEBUG;
				SWIFT_OPTIMIZATION_LEVEL = "-Onone";
			};
			name = Debug;
		};
		6A1A3896249EC2A200389BB0 /* Release */ = {
			isa = XCBuildConfiguration;
			buildSettings = {
				ALWAYS_SEARCH_USER_PATHS = NO;
				CLANG_ANALYZER_NONNULL = YES;
				CLANG_ANALYZER_NUMBER_OBJECT_CONVERSION = YES_AGGRESSIVE;
				CLANG_CXX_LANGUAGE_STANDARD = "gnu++14";
				CLANG_CXX_LIBRARY = "libc++";
				CLANG_ENABLE_MODULES = YES;
				CLANG_ENABLE_OBJC_ARC = YES;
				CLANG_ENABLE_OBJC_WEAK = YES;
				CLANG_WARN_BLOCK_CAPTURE_AUTORELEASING = YES;
				CLANG_WARN_BOOL_CONVERSION = YES;
				CLANG_WARN_COMMA = YES;
				CLANG_WARN_CONSTANT_CONVERSION = YES;
				CLANG_WARN_DEPRECATED_OBJC_IMPLEMENTATIONS = YES;
				CLANG_WARN_DIRECT_OBJC_ISA_USAGE = YES_ERROR;
				CLANG_WARN_DOCUMENTATION_COMMENTS = YES;
				CLANG_WARN_EMPTY_BODY = YES;
				CLANG_WARN_ENUM_CONVERSION = YES;
				CLANG_WARN_INFINITE_RECURSION = YES;
				CLANG_WARN_INT_CONVERSION = YES;
				CLANG_WARN_NON_LITERAL_NULL_CONVERSION = YES;
				CLANG_WARN_OBJC_IMPLICIT_RETAIN_SELF = YES;
				CLANG_WARN_OBJC_LITERAL_CONVERSION = YES;
				CLANG_WARN_OBJC_ROOT_CLASS = YES_ERROR;
				CLANG_WARN_RANGE_LOOP_ANALYSIS = YES;
				CLANG_WARN_STRICT_PROTOTYPES = YES;
				CLANG_WARN_SUSPICIOUS_MOVE = YES;
				CLANG_WARN_UNGUARDED_AVAILABILITY = YES_AGGRESSIVE;
				CLANG_WARN_UNREACHABLE_CODE = YES;
				CLANG_WARN__DUPLICATE_METHOD_MATCH = YES;
				COPY_PHASE_STRIP = NO;
				DEBUG_INFORMATION_FORMAT = "dwarf-with-dsym";
				ENABLE_NS_ASSERTIONS = NO;
				ENABLE_STRICT_OBJC_MSGSEND = YES;
				GCC_C_LANGUAGE_STANDARD = gnu11;
				GCC_NO_COMMON_BLOCKS = YES;
				GCC_WARN_64_TO_32_BIT_CONVERSION = YES;
				GCC_WARN_ABOUT_RETURN_TYPE = YES_ERROR;
				GCC_WARN_UNDECLARED_SELECTOR = YES;
				GCC_WARN_UNINITIALIZED_AUTOS = YES_AGGRESSIVE;
				GCC_WARN_UNUSED_FUNCTION = YES;
				GCC_WARN_UNUSED_VARIABLE = YES;
				MACOSX_DEPLOYMENT_TARGET = 10.15;
				MTL_ENABLE_DEBUG_INFO = NO;
				MTL_FAST_MATH = YES;
				SDKROOT = macosx;
				SWIFT_COMPILATION_MODE = wholemodule;
				SWIFT_OPTIMIZATION_LEVEL = "-O";
			};
			name = Release;
		};
		6A1A3898249EC2A200389BB0 /* Debug */ = {
			isa = XCBuildConfiguration;
			buildSettings = {
				ASSETCATALOG_COMPILER_APPICON_NAME = AppIcon;
				CODE_SIGN_ENTITLEMENTS = imageviewer5/imageviewer5.entitlements;
				CODE_SIGN_STYLE = Automatic;
				COMBINE_HIDPI_IMAGES = YES;
				CURRENT_PROJECT_VERSION = 5;
				DEVELOPMENT_ASSET_PATHS = "\"imageviewer5/Preview Content\"";
				ENABLE_PREVIEWS = YES;
				INFOPLIST_FILE = imageviewer5/Info.plist;
				LD_RUNPATH_SEARCH_PATHS = (
					"$(inherited)",
					"@executable_path/../Frameworks",
				);
				MACOSX_DEPLOYMENT_TARGET = 10.15;
				MARKETING_VERSION = 1.3;
				PRODUCT_BUNDLE_IDENTIFIER = djs.imageviewer5;
				PRODUCT_NAME = "$(TARGET_NAME)";
				SWIFT_VERSION = 5.0;
			};
			name = Debug;
		};
		6A1A3899249EC2A200389BB0 /* Release */ = {
			isa = XCBuildConfiguration;
			buildSettings = {
				ASSETCATALOG_COMPILER_APPICON_NAME = AppIcon;
				CODE_SIGN_ENTITLEMENTS = imageviewer5/imageviewer5.entitlements;
				CODE_SIGN_STYLE = Automatic;
				COMBINE_HIDPI_IMAGES = YES;
				CURRENT_PROJECT_VERSION = 5;
				DEVELOPMENT_ASSET_PATHS = "\"imageviewer5/Preview Content\"";
				ENABLE_PREVIEWS = YES;
				INFOPLIST_FILE = imageviewer5/Info.plist;
				LD_RUNPATH_SEARCH_PATHS = (
					"$(inherited)",
					"@executable_path/../Frameworks",
				);
				MACOSX_DEPLOYMENT_TARGET = 10.15;
				MARKETING_VERSION = 1.3;
				PRODUCT_BUNDLE_IDENTIFIER = djs.imageviewer5;
				PRODUCT_NAME = "$(TARGET_NAME)";
				SWIFT_VERSION = 5.0;
			};
			name = Release;
		};
/* End XCBuildConfiguration section */

/* Begin XCConfigurationList section */
		6A1A387F249EC2A000389BB0 /* Build configuration list for PBXProject "imageviewer5" */ = {
			isa = XCConfigurationList;
			buildConfigurations = (
				6A1A3895249EC2A200389BB0 /* Debug */,
				6A1A3896249EC2A200389BB0 /* Release */,
			);
			defaultConfigurationIsVisible = 0;
			defaultConfigurationName = Release;
		};
		6A1A3897249EC2A200389BB0 /* Build configuration list for PBXNativeTarget "imageviewer5" */ = {
			isa = XCConfigurationList;
			buildConfigurations = (
				6A1A3898249EC2A200389BB0 /* Debug */,
				6A1A3899249EC2A200389BB0 /* Release */,
			);
			defaultConfigurationIsVisible = 0;
			defaultConfigurationName = Release;
		};
/* End XCConfigurationList section */
	};
	rootObject = 6A1A387C249EC2A000389BB0 /* Project object */;
}
